// !$*UTF8*$!
{
	archiveVersion = 1;
	classes = {
	};
	objectVersion = 46;
	objects = {

/* Begin PBXBuildFile section */
		18AAC4CB208DD76800E26A9D /* screenshot.png in Resources */ = {isa = PBXBuildFile; fileRef = 18AAC4BF208DD76700E26A9D /* screenshot.png */; };
		18AAC4CC208DD76800E26A9D /* main.m in Sources */ = {isa = PBXBuildFile; fileRef = 18AAC4C0208DD76700E26A9D /* main.m */; };
		18AAC4CD208DD76800E26A9D /* Info.plist in Resources */ = {isa = PBXBuildFile; fileRef = 18AAC4C1208DD76700E26A9D /* Info.plist */; };
		18AAC4CE208DD76800E26A9D /* LaunchScreen.storyboard in Resources */ = {isa = PBXBuildFile; fileRef = 18AAC4C3208DD76700E26A9D /* LaunchScreen.storyboard */; };
		18AAC4CF208DD76800E26A9D /* Main.storyboard in Resources */ = {isa = PBXBuildFile; fileRef = 18AAC4C5208DD76700E26A9D /* Main.storyboard */; };
		18AAC4D0208DD76800E26A9D /* AppDelegate.m in Sources */ = {isa = PBXBuildFile; fileRef = 18AAC4C7208DD76700E26A9D /* AppDelegate.m */; };
		18AAC4D1208DD76800E26A9D /* ViewController.m in Sources */ = {isa = PBXBuildFile; fileRef = 18AAC4CA208DD76700E26A9D /* ViewController.m */; };
		18B9B79C20AED12E00C0FC7B /* LeakingViewController.m in Sources */ = {isa = PBXBuildFile; fileRef = 18B9B79B20AED12E00C0FC7B /* LeakingViewController.m */; };
		18FE4D831F668AAB00ECAA1F /* TDFScreenDebuggerExampleTests.m in Sources */ = {isa = PBXBuildFile; fileRef = 18FE4D821F668AAB00ECAA1F /* TDFScreenDebuggerExampleTests.m */; };
		2B6CE2B8165932F724C903F4 /* libPods-TDFScreenDebuggerExampleTests.a in Frameworks */ = {isa = PBXBuildFile; fileRef = ED12CAD71CD6C48BE99AFFFD /* libPods-TDFScreenDebuggerExampleTests.a */; };
		9CF909C6C76EF6068A9FD31D /* libPods-TDFScreenDebuggerExample.a in Frameworks */ = {isa = PBXBuildFile; fileRef = 141928149789253F6662EF99 /* libPods-TDFScreenDebuggerExample.a */; };
/* End PBXBuildFile section */

/* Begin PBXContainerItemProxy section */
		18FE4D7F1F668AAB00ECAA1F /* PBXContainerItemProxy */ = {
			isa = PBXContainerItemProxy;
			containerPortal = 18FE4D5D1F668AAA00ECAA1F /* Project object */;
			proxyType = 1;
			remoteGlobalIDString = 18FE4D641F668AAA00ECAA1F;
			remoteInfo = TDFScreenDebuggerExample;
		};
/* End PBXContainerItemProxy section */

/* Begin PBXFileReference section */
		141928149789253F6662EF99 /* libPods-TDFScreenDebuggerExample.a */ = {isa = PBXFileReference; explicitFileType = archive.ar; includeInIndex = 0; path = "libPods-TDFScreenDebuggerExample.a"; sourceTree = BUILT_PRODUCTS_DIR; };
		18AAC4BF208DD76700E26A9D /* screenshot.png */ = {isa = PBXFileReference; lastKnownFileType = image.png; path = screenshot.png; sourceTree = "<group>"; };
		18AAC4C0208DD76700E26A9D /* main.m */ = {isa = PBXFileReference; fileEncoding = 4; lastKnownFileType = sourcecode.c.objc; path = main.m; sourceTree = "<group>"; };
		18AAC4C1208DD76700E26A9D /* Info.plist */ = {isa = PBXFileReference; fileEncoding = 4; lastKnownFileType = text.plist.xml; path = Info.plist; sourceTree = "<group>"; };
		18AAC4C4208DD76700E26A9D /* Base */ = {isa = PBXFileReference; lastKnownFileType = file.storyboard; name = Base; path = LaunchScreen.storyboard; sourceTree = "<group>"; };
		18AAC4C6208DD76700E26A9D /* Base */ = {isa = PBXFileReference; lastKnownFileType = file.storyboard; name = Base; path = Main.storyboard; sourceTree = "<group>"; };
		18AAC4C7208DD76700E26A9D /* AppDelegate.m */ = {isa = PBXFileReference; fileEncoding = 4; lastKnownFileType = sourcecode.c.objc; path = AppDelegate.m; sourceTree = "<group>"; };
		18AAC4C8208DD76700E26A9D /* AppDelegate.h */ = {isa = PBXFileReference; fileEncoding = 4; lastKnownFileType = sourcecode.c.h; path = AppDelegate.h; sourceTree = "<group>"; };
		18AAC4C9208DD76700E26A9D /* ViewController.h */ = {isa = PBXFileReference; fileEncoding = 4; lastKnownFileType = sourcecode.c.h; path = ViewController.h; sourceTree = "<group>"; };
		18AAC4CA208DD76700E26A9D /* ViewController.m */ = {isa = PBXFileReference; fileEncoding = 4; lastKnownFileType = sourcecode.c.objc; path = ViewController.m; sourceTree = "<group>"; };
		18B9B79A20AED12E00C0FC7B /* LeakingViewController.h */ = {isa = PBXFileReference; lastKnownFileType = sourcecode.c.h; path = LeakingViewController.h; sourceTree = "<group>"; };
		18B9B79B20AED12E00C0FC7B /* LeakingViewController.m */ = {isa = PBXFileReference; lastKnownFileType = sourcecode.c.objc; path = LeakingViewController.m; sourceTree = "<group>"; };
		18FE4D651F668AAA00ECAA1F /* TDFScreenDebuggerExample.app */ = {isa = PBXFileReference; explicitFileType = wrapper.application; includeInIndex = 0; path = TDFScreenDebuggerExample.app; sourceTree = BUILT_PRODUCTS_DIR; };
		18FE4D7E1F668AAB00ECAA1F /* TDFScreenDebuggerExampleTests.xctest */ = {isa = PBXFileReference; explicitFileType = wrapper.cfbundle; includeInIndex = 0; path = TDFScreenDebuggerExampleTests.xctest; sourceTree = BUILT_PRODUCTS_DIR; };
		18FE4D821F668AAB00ECAA1F /* TDFScreenDebuggerExampleTests.m */ = {isa = PBXFileReference; lastKnownFileType = sourcecode.c.objc; path = TDFScreenDebuggerExampleTests.m; sourceTree = "<group>"; };
		18FE4D841F668AAB00ECAA1F /* Info.plist */ = {isa = PBXFileReference; lastKnownFileType = text.plist.xml; path = Info.plist; sourceTree = "<group>"; };
		6DACA1BF3BA3542650404285 /* Pods-TDFScreenDebuggerExample.debug.xcconfig */ = {isa = PBXFileReference; includeInIndex = 1; lastKnownFileType = text.xcconfig; name = "Pods-TDFScreenDebuggerExample.debug.xcconfig"; path = "Pods/Target Support Files/Pods-TDFScreenDebuggerExample/Pods-TDFScreenDebuggerExample.debug.xcconfig"; sourceTree = "<group>"; };
		743C3EF865C1CA22131DCD3B /* Pods-TDFScreenDebuggerExample.release.xcconfig */ = {isa = PBXFileReference; includeInIndex = 1; lastKnownFileType = text.xcconfig; name = "Pods-TDFScreenDebuggerExample.release.xcconfig"; path = "Pods/Target Support Files/Pods-TDFScreenDebuggerExample/Pods-TDFScreenDebuggerExample.release.xcconfig"; sourceTree = "<group>"; };
		846AD959EE06E0A3C5FFF75B /* Pods-TDFScreenDebuggerExampleTests.debug.xcconfig */ = {isa = PBXFileReference; includeInIndex = 1; lastKnownFileType = text.xcconfig; name = "Pods-TDFScreenDebuggerExampleTests.debug.xcconfig"; path = "Pods/Target Support Files/Pods-TDFScreenDebuggerExampleTests/Pods-TDFScreenDebuggerExampleTests.debug.xcconfig"; sourceTree = "<group>"; };
		C8017E828260D7790800667F /* Pods-TDFScreenDebuggerExampleTests.release.xcconfig */ = {isa = PBXFileReference; includeInIndex = 1; lastKnownFileType = text.xcconfig; name = "Pods-TDFScreenDebuggerExampleTests.release.xcconfig"; path = "Pods/Target Support Files/Pods-TDFScreenDebuggerExampleTests/Pods-TDFScreenDebuggerExampleTests.release.xcconfig"; sourceTree = "<group>"; };
		ED12CAD71CD6C48BE99AFFFD /* libPods-TDFScreenDebuggerExampleTests.a */ = {isa = PBXFileReference; explicitFileType = archive.ar; includeInIndex = 0; path = "libPods-TDFScreenDebuggerExampleTests.a"; sourceTree = BUILT_PRODUCTS_DIR; };
/* End PBXFileReference section */

/* Begin PBXFrameworksBuildPhase section */
		18FE4D621F668AAA00ECAA1F /* Frameworks */ = {
			isa = PBXFrameworksBuildPhase;
			buildActionMask = 2147483647;
			files = (
				9CF909C6C76EF6068A9FD31D /* libPods-TDFScreenDebuggerExample.a in Frameworks */,
			);
			runOnlyForDeploymentPostprocessing = 0;
		};
		18FE4D7B1F668AAB00ECAA1F /* Frameworks */ = {
			isa = PBXFrameworksBuildPhase;
			buildActionMask = 2147483647;
			files = (
				2B6CE2B8165932F724C903F4 /* libPods-TDFScreenDebuggerExampleTests.a in Frameworks */,
			);
			runOnlyForDeploymentPostprocessing = 0;
		};
/* End PBXFrameworksBuildPhase section */

/* Begin PBXGroup section */
		18AAC4C2208DD76700E26A9D /* Base.lproj */ = {
			isa = PBXGroup;
			children = (
				18AAC4C3208DD76700E26A9D /* LaunchScreen.storyboard */,
				18AAC4C5208DD76700E26A9D /* Main.storyboard */,
			);
			path = Base.lproj;
			sourceTree = "<group>";
		};
		18FE4D5C1F668AAA00ECAA1F = {
			isa = PBXGroup;
			children = (
				18FE4D671F668AAA00ECAA1F /* TDFScreenDebuggerExample */,
				18FE4D811F668AAB00ECAA1F /* TDFScreenDebuggerExampleTests */,
				18FE4D661F668AAA00ECAA1F /* Products */,
				2CF946BB6FDC6A9B6EAA7B44 /* Pods */,
				AE8451437618AEB6F95E359A /* Frameworks */,
			);
			sourceTree = "<group>";
		};
		18FE4D661F668AAA00ECAA1F /* Products */ = {
			isa = PBXGroup;
			children = (
				18FE4D651F668AAA00ECAA1F /* TDFScreenDebuggerExample.app */,
				18FE4D7E1F668AAB00ECAA1F /* TDFScreenDebuggerExampleTests.xctest */,
			);
			name = Products;
			sourceTree = "<group>";
		};
		18FE4D671F668AAA00ECAA1F /* TDFScreenDebuggerExample */ = {
			isa = PBXGroup;
			children = (
				18AAC4C8208DD76700E26A9D /* AppDelegate.h */,
				18AAC4C7208DD76700E26A9D /* AppDelegate.m */,
				18AAC4C2208DD76700E26A9D /* Base.lproj */,
				18AAC4C1208DD76700E26A9D /* Info.plist */,
				18AAC4C0208DD76700E26A9D /* main.m */,
				18AAC4BF208DD76700E26A9D /* screenshot.png */,
				18AAC4C9208DD76700E26A9D /* ViewController.h */,
				18AAC4CA208DD76700E26A9D /* ViewController.m */,
				18B9B79A20AED12E00C0FC7B /* LeakingViewController.h */,
				18B9B79B20AED12E00C0FC7B /* LeakingViewController.m */,
			);
			path = TDFScreenDebuggerExample;
			sourceTree = "<group>";
		};
		18FE4D811F668AAB00ECAA1F /* TDFScreenDebuggerExampleTests */ = {
			isa = PBXGroup;
			children = (
				18FE4D821F668AAB00ECAA1F /* TDFScreenDebuggerExampleTests.m */,
				18FE4D841F668AAB00ECAA1F /* Info.plist */,
			);
			path = TDFScreenDebuggerExampleTests;
			sourceTree = "<group>";
		};
		2CF946BB6FDC6A9B6EAA7B44 /* Pods */ = {
			isa = PBXGroup;
			children = (
				6DACA1BF3BA3542650404285 /* Pods-TDFScreenDebuggerExample.debug.xcconfig */,
				743C3EF865C1CA22131DCD3B /* Pods-TDFScreenDebuggerExample.release.xcconfig */,
				846AD959EE06E0A3C5FFF75B /* Pods-TDFScreenDebuggerExampleTests.debug.xcconfig */,
				C8017E828260D7790800667F /* Pods-TDFScreenDebuggerExampleTests.release.xcconfig */,
			);
			name = Pods;
			sourceTree = "<group>";
		};
		AE8451437618AEB6F95E359A /* Frameworks */ = {
			isa = PBXGroup;
			children = (
				141928149789253F6662EF99 /* libPods-TDFScreenDebuggerExample.a */,
				ED12CAD71CD6C48BE99AFFFD /* libPods-TDFScreenDebuggerExampleTests.a */,
			);
			name = Frameworks;
			sourceTree = "<group>";
		};
/* End PBXGroup section */

/* Begin PBXNativeTarget section */
		18FE4D641F668AAA00ECAA1F /* TDFScreenDebuggerExample */ = {
			isa = PBXNativeTarget;
			buildConfigurationList = 18FE4D871F668AAB00ECAA1F /* Build configuration list for PBXNativeTarget "TDFScreenDebuggerExample" */;
			buildPhases = (
				8EFBEB5FEE5985E7D4DFE448 /* [CP] Check Pods Manifest.lock */,
				18FE4D611F668AAA00ECAA1F /* Sources */,
				18FE4D621F668AAA00ECAA1F /* Frameworks */,
				18FE4D631F668AAA00ECAA1F /* Resources */,
				FD0AFF208E73FFD9FA74F868 /* [CP] Embed Pods Frameworks */,
				089BE54E183CE7BC531C0B3D /* [CP] Copy Pods Resources */,
			);
			buildRules = (
			);
			dependencies = (
			);
			name = TDFScreenDebuggerExample;
			productName = TDFScreenDebuggerExample;
			productReference = 18FE4D651F668AAA00ECAA1F /* TDFScreenDebuggerExample.app */;
			productType = "com.apple.product-type.application";
		};
		18FE4D7D1F668AAB00ECAA1F /* TDFScreenDebuggerExampleTests */ = {
			isa = PBXNativeTarget;
			buildConfigurationList = 18FE4D8A1F668AAB00ECAA1F /* Build configuration list for PBXNativeTarget "TDFScreenDebuggerExampleTests" */;
			buildPhases = (
				A31E3FABAF7F746420936F57 /* [CP] Check Pods Manifest.lock */,
				18FE4D7A1F668AAB00ECAA1F /* Sources */,
				18FE4D7B1F668AAB00ECAA1F /* Frameworks */,
				18FE4D7C1F668AAB00ECAA1F /* Resources */,
				9EBE759C747033F7B70D8BC5 /* [CP] Embed Pods Frameworks */,
				A33E318E18DD4DCC92E9CB8C /* [CP] Copy Pods Resources */,
			);
			buildRules = (
			);
			dependencies = (
				18FE4D801F668AAB00ECAA1F /* PBXTargetDependency */,
			);
			name = TDFScreenDebuggerExampleTests;
			productName = TDFScreenDebuggerExampleTests;
			productReference = 18FE4D7E1F668AAB00ECAA1F /* TDFScreenDebuggerExampleTests.xctest */;
			productType = "com.apple.product-type.bundle.unit-test";
		};
/* End PBXNativeTarget section */

/* Begin PBXProject section */
		18FE4D5D1F668AAA00ECAA1F /* Project object */ = {
			isa = PBXProject;
			attributes = {
				LastUpgradeCheck = 0830;
				ORGANIZATIONNAME = TDF;
				TargetAttributes = {
					18FE4D641F668AAA00ECAA1F = {
						CreatedOnToolsVersion = 8.3.3;
						DevelopmentTeam = 6K3MJR566S;
						ProvisioningStyle = Automatic;
					};
					18FE4D7D1F668AAB00ECAA1F = {
						CreatedOnToolsVersion = 8.3.3;
						DevelopmentTeam = 6K3MJR566S;
						ProvisioningStyle = Automatic;
						TestTargetID = 18FE4D641F668AAA00ECAA1F;
					};
				};
			};
			buildConfigurationList = 18FE4D601F668AAA00ECAA1F /* Build configuration list for PBXProject "TDFScreenDebuggerExample" */;
			compatibilityVersion = "Xcode 3.2";
			developmentRegion = English;
			hasScannedForEncodings = 0;
			knownRegions = (
				en,
				Base,
			);
			mainGroup = 18FE4D5C1F668AAA00ECAA1F;
			productRefGroup = 18FE4D661F668AAA00ECAA1F /* Products */;
			projectDirPath = "";
			projectRoot = "";
			targets = (
				18FE4D641F668AAA00ECAA1F /* TDFScreenDebuggerExample */,
				18FE4D7D1F668AAB00ECAA1F /* TDFScreenDebuggerExampleTests */,
			);
		};
/* End PBXProject section */

/* Begin PBXResourcesBuildPhase section */
		18FE4D631F668AAA00ECAA1F /* Resources */ = {
			isa = PBXResourcesBuildPhase;
			buildActionMask = 2147483647;
			files = (
				18AAC4CE208DD76800E26A9D /* LaunchScreen.storyboard in Resources */,
				18AAC4CD208DD76800E26A9D /* Info.plist in Resources */,
				18AAC4CB208DD76800E26A9D /* screenshot.png in Resources */,
				18AAC4CF208DD76800E26A9D /* Main.storyboard in Resources */,
			);
			runOnlyForDeploymentPostprocessing = 0;
		};
		18FE4D7C1F668AAB00ECAA1F /* Resources */ = {
			isa = PBXResourcesBuildPhase;
			buildActionMask = 2147483647;
			files = (
			);
			runOnlyForDeploymentPostprocessing = 0;
		};
/* End PBXResourcesBuildPhase section */

/* Begin PBXShellScriptBuildPhase section */
		089BE54E183CE7BC531C0B3D /* [CP] Copy Pods Resources */ = {
			isa = PBXShellScriptBuildPhase;
			buildActionMask = 2147483647;
			files = (
			);
			inputPaths = (
				"${SRCROOT}/Pods/Target Support Files/Pods-TDFScreenDebuggerExample/Pods-TDFScreenDebuggerExample-resources.sh",
				"${PODS_CONFIGURATION_BUILD_DIR}/TDFScreenDebugger/TDFScreenDebuggerBundle.bundle",
			);
			name = "[CP] Copy Pods Resources";
			outputPaths = (
				"${TARGET_BUILD_DIR}/${UNLOCALIZED_RESOURCES_FOLDER_PATH}/TDFScreenDebuggerBundle.bundle",
			);
			runOnlyForDeploymentPostprocessing = 0;
			shellPath = /bin/sh;
			shellScript = "\"${SRCROOT}/Pods/Target Support Files/Pods-TDFScreenDebuggerExample/Pods-TDFScreenDebuggerExample-resources.sh\"\n";
			showEnvVarsInLog = 0;
		};
		8EFBEB5FEE5985E7D4DFE448 /* [CP] Check Pods Manifest.lock */ = {
			isa = PBXShellScriptBuildPhase;
			buildActionMask = 2147483647;
			files = (
			);
			inputPaths = (
				"${PODS_PODFILE_DIR_PATH}/Podfile.lock",
				"${PODS_ROOT}/Manifest.lock",
			);
			name = "[CP] Check Pods Manifest.lock";
			outputPaths = (
				"$(DERIVED_FILE_DIR)/Pods-TDFScreenDebuggerExample-checkManifestLockResult.txt",
			);
			runOnlyForDeploymentPostprocessing = 0;
			shellPath = /bin/sh;
			shellScript = "diff \"${PODS_PODFILE_DIR_PATH}/Podfile.lock\" \"${PODS_ROOT}/Manifest.lock\" > /dev/null\nif [ $? != 0 ] ; then\n    # print error to STDERR\n    echo \"error: The sandbox is not in sync with the Podfile.lock. Run 'pod install' or update your CocoaPods installation.\" >&2\n    exit 1\nfi\n# This output is used by Xcode 'outputs' to avoid re-running this script phase.\necho \"SUCCESS\" > \"${SCRIPT_OUTPUT_FILE_0}\"\n";
			showEnvVarsInLog = 0;
		};
		9EBE759C747033F7B70D8BC5 /* [CP] Embed Pods Frameworks */ = {
			isa = PBXShellScriptBuildPhase;
			buildActionMask = 2147483647;
			files = (
			);
			inputPaths = (
			);
			name = "[CP] Embed Pods Frameworks";
			outputPaths = (
			);
			runOnlyForDeploymentPostprocessing = 0;
			shellPath = /bin/sh;
			shellScript = "\"${SRCROOT}/Pods/Target Support Files/Pods-TDFScreenDebuggerExampleTests/Pods-TDFScreenDebuggerExampleTests-frameworks.sh\"\n";
			showEnvVarsInLog = 0;
		};
		A31E3FABAF7F746420936F57 /* [CP] Check Pods Manifest.lock */ = {
			isa = PBXShellScriptBuildPhase;
			buildActionMask = 2147483647;
			files = (
			);
			inputPaths = (
				"${PODS_PODFILE_DIR_PATH}/Podfile.lock",
				"${PODS_ROOT}/Manifest.lock",
			);
			name = "[CP] Check Pods Manifest.lock";
			outputPaths = (
				"$(DERIVED_FILE_DIR)/Pods-TDFScreenDebuggerExampleTests-checkManifestLockResult.txt",
			);
			runOnlyForDeploymentPostprocessing = 0;
			shellPath = /bin/sh;
			shellScript = "diff \"${PODS_PODFILE_DIR_PATH}/Podfile.lock\" \"${PODS_ROOT}/Manifest.lock\" > /dev/null\nif [ $? != 0 ] ; then\n    # print error to STDERR\n    echo \"error: The sandbox is not in sync with the Podfile.lock. Run 'pod install' or update your CocoaPods installation.\" >&2\n    exit 1\nfi\n# This output is used by Xcode 'outputs' to avoid re-running this script phase.\necho \"SUCCESS\" > \"${SCRIPT_OUTPUT_FILE_0}\"\n";
			showEnvVarsInLog = 0;
		};
		A33E318E18DD4DCC92E9CB8C /* [CP] Copy Pods Resources */ = {
			isa = PBXShellScriptBuildPhase;
			buildActionMask = 2147483647;
			files = (
			);
			inputPaths = (
			);
			name = "[CP] Copy Pods Resources";
			outputPaths = (
			);
			runOnlyForDeploymentPostprocessing = 0;
			shellPath = /bin/sh;
			shellScript = "\"${SRCROOT}/Pods/Target Support Files/Pods-TDFScreenDebuggerExampleTests/Pods-TDFScreenDebuggerExampleTests-resources.sh\"\n";
			showEnvVarsInLog = 0;
		};
		FD0AFF208E73FFD9FA74F868 /* [CP] Embed Pods Frameworks */ = {
			isa = PBXShellScriptBuildPhase;
			buildActionMask = 2147483647;
			files = (
			);
			inputPaths = (
				"${SRCROOT}/Pods/Target Support Files/Pods-TDFScreenDebuggerExample/Pods-TDFScreenDebuggerExample-frameworks.sh",
				"${BUILT_PRODUCTS_DIR}/AFNetworking/AFNetworking.framework",
				"${BUILT_PRODUCTS_DIR}/ICTextView/ICTextView.framework",
				"${BUILT_PRODUCTS_DIR}/Masonry/Masonry.framework",
				"${BUILT_PRODUCTS_DIR}/ReactiveObjC/ReactiveObjC.framework",
				"${BUILT_PRODUCTS_DIR}/TDFAPILogger/TDFAPILogger.framework",
				"${BUILT_PRODUCTS_DIR}/TDFScreenDebugger/TDFScreenDebugger.framework",
			);
			name = "[CP] Embed Pods Frameworks";
			outputPaths = (
				"${TARGET_BUILD_DIR}/${FRAMEWORKS_FOLDER_PATH}/AFNetworking.framework",
				"${TARGET_BUILD_DIR}/${FRAMEWORKS_FOLDER_PATH}/ICTextView.framework",
				"${TARGET_BUILD_DIR}/${FRAMEWORKS_FOLDER_PATH}/Masonry.framework",
				"${TARGET_BUILD_DIR}/${FRAMEWORKS_FOLDER_PATH}/ReactiveObjC.framework",
				"${TARGET_BUILD_DIR}/${FRAMEWORKS_FOLDER_PATH}/TDFAPILogger.framework",
				"${TARGET_BUILD_DIR}/${FRAMEWORKS_FOLDER_PATH}/TDFScreenDebugger.framework",
			);
			runOnlyForDeploymentPostprocessing = 0;
			shellPath = /bin/sh;
			shellScript = "\"${SRCROOT}/Pods/Target Support Files/Pods-TDFScreenDebuggerExample/Pods-TDFScreenDebuggerExample-frameworks.sh\"\n";
			showEnvVarsInLog = 0;
		};
/* End PBXShellScriptBuildPhase section */

/* Begin PBXSourcesBuildPhase section */
		18FE4D611F668AAA00ECAA1F /* Sources */ = {
			isa = PBXSourcesBuildPhase;
			buildActionMask = 2147483647;
			files = (
				18B9B79C20AED12E00C0FC7B /* LeakingViewController.m in Sources */,
				18AAC4D1208DD76800E26A9D /* ViewController.m in Sources */,
				18AAC4D0208DD76800E26A9D /* AppDelegate.m in Sources */,
				18AAC4CC208DD76800E26A9D /* main.m in Sources */,
			);
			runOnlyForDeploymentPostprocessing = 0;
		};
		18FE4D7A1F668AAB00ECAA1F /* Sources */ = {
			isa = PBXSourcesBuildPhase;
			buildActionMask = 2147483647;
			files = (
				18FE4D831F668AAB00ECAA1F /* TDFScreenDebuggerExampleTests.m in Sources */,
			);
			runOnlyForDeploymentPostprocessing = 0;
		};
/* End PBXSourcesBuildPhase section */

/* Begin PBXTargetDependency section */
		18FE4D801F668AAB00ECAA1F /* PBXTargetDependency */ = {
			isa = PBXTargetDependency;
			target = 18FE4D641F668AAA00ECAA1F /* TDFScreenDebuggerExample */;
			targetProxy = 18FE4D7F1F668AAB00ECAA1F /* PBXContainerItemProxy */;
		};
/* End PBXTargetDependency section */

/* Begin PBXVariantGroup section */
		18AAC4C3208DD76700E26A9D /* LaunchScreen.storyboard */ = {
			isa = PBXVariantGroup;
			children = (
				18AAC4C4208DD76700E26A9D /* Base */,
			);
			name = LaunchScreen.storyboard;
			sourceTree = "<group>";
		};
		18AAC4C5208DD76700E26A9D /* Main.storyboard */ = {
			isa = PBXVariantGroup;
			children = (
				18AAC4C6208DD76700E26A9D /* Base */,
			);
			name = Main.storyboard;
			sourceTree = "<group>";
		};
/* End PBXVariantGroup section */

/* Begin XCBuildConfiguration section */
		18FE4D851F668AAB00ECAA1F /* Debug */ = {
			isa = XCBuildConfiguration;
			buildSettings = {
				ALWAYS_SEARCH_USER_PATHS = NO;
				CLANG_ANALYZER_NONNULL = YES;
				CLANG_ANALYZER_NUMBER_OBJECT_CONVERSION = YES_AGGRESSIVE;
				CLANG_CXX_LANGUAGE_STANDARD = "gnu++0x";
				CLANG_CXX_LIBRARY = "libc++";
				CLANG_ENABLE_MODULES = YES;
				CLANG_ENABLE_OBJC_ARC = YES;
				CLANG_WARN_BOOL_CONVERSION = YES;
				CLANG_WARN_CONSTANT_CONVERSION = YES;
				CLANG_WARN_DIRECT_OBJC_ISA_USAGE = YES_ERROR;
				CLANG_WARN_DOCUMENTATION_COMMENTS = YES;
				CLANG_WARN_EMPTY_BODY = YES;
				CLANG_WARN_ENUM_CONVERSION = YES;
				CLANG_WARN_INFINITE_RECURSION = YES;
				CLANG_WARN_INT_CONVERSION = YES;
				CLANG_WARN_OBJC_ROOT_CLASS = YES_ERROR;
				CLANG_WARN_SUSPICIOUS_MOVE = YES;
				CLANG_WARN_UNREACHABLE_CODE = YES;
				CLANG_WARN__DUPLICATE_METHOD_MATCH = YES;
				"CODE_SIGN_IDENTITY[sdk=iphoneos*]" = "iPhone Developer";
				COPY_PHASE_STRIP = NO;
				DEBUG_INFORMATION_FORMAT = dwarf;
				ENABLE_STRICT_OBJC_MSGSEND = YES;
				ENABLE_TESTABILITY = YES;
				GCC_C_LANGUAGE_STANDARD = gnu99;
				GCC_DYNAMIC_NO_PIC = NO;
				GCC_NO_COMMON_BLOCKS = YES;
				GCC_OPTIMIZATION_LEVEL = 0;
				GCC_PREPROCESSOR_DEFINITIONS = (
					"DEBUG=1",
					"$(inherited)",
				);
				GCC_WARN_64_TO_32_BIT_CONVERSION = YES;
				GCC_WARN_ABOUT_RETURN_TYPE = YES_ERROR;
				GCC_WARN_UNDECLARED_SELECTOR = YES;
				GCC_WARN_UNINITIALIZED_AUTOS = YES_AGGRESSIVE;
				GCC_WARN_UNUSED_FUNCTION = YES;
				GCC_WARN_UNUSED_VARIABLE = YES;
				IPHONEOS_DEPLOYMENT_TARGET = 10.3;
				MTL_ENABLE_DEBUG_INFO = YES;
				ONLY_ACTIVE_ARCH = YES;
				SDKROOT = iphoneos;
			};
			name = Debug;
		};
		18FE4D861F668AAB00ECAA1F /* Release */ = {
			isa = XCBuildConfiguration;
			buildSettings = {
				ALWAYS_SEARCH_USER_PATHS = NO;
				CLANG_ANALYZER_NONNULL = YES;
				CLANG_ANALYZER_NUMBER_OBJECT_CONVERSION = YES_AGGRESSIVE;
				CLANG_CXX_LANGUAGE_STANDARD = "gnu++0x";
				CLANG_CXX_LIBRARY = "libc++";
				CLANG_ENABLE_MODULES = YES;
				CLANG_ENABLE_OBJC_ARC = YES;
				CLANG_WARN_BOOL_CONVERSION = YES;
				CLANG_WARN_CONSTANT_CONVERSION = YES;
				CLANG_WARN_DIRECT_OBJC_ISA_USAGE = YES_ERROR;
				CLANG_WARN_DOCUMENTATION_COMMENTS = YES;
				CLANG_WARN_EMPTY_BODY = YES;
				CLANG_WARN_ENUM_CONVERSION = YES;
				CLANG_WARN_INFINITE_RECURSION = YES;
				CLANG_WARN_INT_CONVERSION = YES;
				CLANG_WARN_OBJC_ROOT_CLASS = YES_ERROR;
				CLANG_WARN_SUSPICIOUS_MOVE = YES;
				CLANG_WARN_UNREACHABLE_CODE = YES;
				CLANG_WARN__DUPLICATE_METHOD_MATCH = YES;
				"CODE_SIGN_IDENTITY[sdk=iphoneos*]" = "iPhone Developer";
				COPY_PHASE_STRIP = NO;
				DEBUG_INFORMATION_FORMAT = "dwarf-with-dsym";
				ENABLE_NS_ASSERTIONS = NO;
				ENABLE_STRICT_OBJC_MSGSEND = YES;
				GCC_C_LANGUAGE_STANDARD = gnu99;
				GCC_NO_COMMON_BLOCKS = YES;
				GCC_WARN_64_TO_32_BIT_CONVERSION = YES;
				GCC_WARN_ABOUT_RETURN_TYPE = YES_ERROR;
				GCC_WARN_UNDECLARED_SELECTOR = YES;
				GCC_WARN_UNINITIALIZED_AUTOS = YES_AGGRESSIVE;
				GCC_WARN_UNUSED_FUNCTION = YES;
				GCC_WARN_UNUSED_VARIABLE = YES;
				IPHONEOS_DEPLOYMENT_TARGET = 10.3;
				MTL_ENABLE_DEBUG_INFO = NO;
				SDKROOT = iphoneos;
				VALIDATE_PRODUCT = YES;
			};
			name = Release;
		};
		18FE4D881F668AAB00ECAA1F /* Debug */ = {
			isa = XCBuildConfiguration;
			baseConfigurationReference = 6DACA1BF3BA3542650404285 /* Pods-TDFScreenDebuggerExample.debug.xcconfig */;
			buildSettings = {
				ASSETCATALOG_COMPILER_APPICON_NAME = AppIcon;
				"CODE_SIGN_IDENTITY[sdk=iphoneos*]" = "iPhone Developer";
				CODE_SIGN_STYLE = Automatic;
				DEVELOPMENT_TEAM = 6K3MJR566S;
				GCC_INPUT_FILETYPE = automatic;
				INFOPLIST_FILE = "$(SRCROOT)/TDFScreenDebuggerExample/Info.plist";
				LD_RUNPATH_SEARCH_PATHS = "$(inherited) @executable_path/Frameworks";
				LIBRARY_SEARCH_PATHS = (
					"$(inherited)",
					"\"${PODS_CONFIGURATION_BUILD_DIR}/AFNetworking\"",
					"\"${PODS_CONFIGURATION_BUILD_DIR}/ICTextView\"",
					"\"${PODS_CONFIGURATION_BUILD_DIR}/Masonry\"",
					"\"${PODS_CONFIGURATION_BUILD_DIR}/ReactiveObjC\"",
					"\"${PODS_CONFIGURATION_BUILD_DIR}/TDFAPILogger\"",
					"\"${PODS_CONFIGURATION_BUILD_DIR}/TDFScreenDebugger\"",
				);
				PRODUCT_BUNDLE_IDENTIFIER = szy.independent.TDFScreenDebuggerExample;
				PRODUCT_NAME = "$(TARGET_NAME)";
				PROVISIONING_PROFILE_SPECIFIER = "";
				USER_HEADER_SEARCH_PATHS = "$(PODS_ROOT)/**";
			};
			name = Debug;
		};
		18FE4D891F668AAB00ECAA1F /* Release */ = {
			isa = XCBuildConfiguration;
			baseConfigurationReference = 743C3EF865C1CA22131DCD3B /* Pods-TDFScreenDebuggerExample.release.xcconfig */;
			buildSettings = {
				ASSETCATALOG_COMPILER_APPICON_NAME = AppIcon;
				"CODE_SIGN_IDENTITY[sdk=iphoneos*]" = "iPhone Developer";
				CODE_SIGN_STYLE = Automatic;
				DEVELOPMENT_TEAM = 6K3MJR566S;
				GCC_INPUT_FILETYPE = automatic;
				INFOPLIST_FILE = "$(SRCROOT)/TDFScreenDebuggerExample/Info.plist";
				LD_RUNPATH_SEARCH_PATHS = "$(inherited) @executable_path/Frameworks";
				PRODUCT_BUNDLE_IDENTIFIER = szy.independent.TDFScreenDebuggerExample;
				PRODUCT_NAME = "$(TARGET_NAME)";
				PROVISIONING_PROFILE_SPECIFIER = "";
				USER_HEADER_SEARCH_PATHS = "$(PODS_ROOT)/**";
			};
			name = Release;
		};
		18FE4D8B1F668AAB00ECAA1F /* Debug */ = {
			isa = XCBuildConfiguration;
			baseConfigurationReference = 846AD959EE06E0A3C5FFF75B /* Pods-TDFScreenDebuggerExampleTests.debug.xcconfig */;
			buildSettings = {
				BUNDLE_LOADER = "$(TEST_HOST)";
				DEVELOPMENT_TEAM = 6K3MJR566S;
				INFOPLIST_FILE = TDFScreenDebuggerExampleTests/Info.plist;
				LD_RUNPATH_SEARCH_PATHS = "$(inherited) @executable_path/Frameworks @loader_path/Frameworks";
				PRODUCT_BUNDLE_IDENTIFIER = szy.independent.TDFScreenDebuggerExampleTests;
				PRODUCT_NAME = "$(TARGET_NAME)";
				TEST_HOST = "$(BUILT_PRODUCTS_DIR)/TDFScreenDebuggerExample.app/TDFScreenDebuggerExample";
			};
			name = Debug;
		};
		18FE4D8C1F668AAB00ECAA1F /* Release */ = {
			isa = XCBuildConfiguration;
			baseConfigurationReference = C8017E828260D7790800667F /* Pods-TDFScreenDebuggerExampleTests.release.xcconfig */;
			buildSettings = {
				BUNDLE_LOADER = "$(TEST_HOST)";
				DEVELOPMENT_TEAM = 6K3MJR566S;
				INFOPLIST_FILE = TDFScreenDebuggerExampleTests/Info.plist;
				LD_RUNPATH_SEARCH_PATHS = "$(inherited) @executable_path/Frameworks @loader_path/Frameworks";
				PRODUCT_BUNDLE_IDENTIFIER = szy.independent.TDFScreenDebuggerExampleTests;
				PRODUCT_NAME = "$(TARGET_NAME)";
				TEST_HOST = "$(BUILT_PRODUCTS_DIR)/TDFScreenDebuggerExample.app/TDFScreenDebuggerExample";
			};
			name = Release;
		};
/* End XCBuildConfiguration section */

/* Begin XCConfigurationList section */
		18FE4D601F668AAA00ECAA1F /* Build configuration list for PBXProject "TDFScreenDebuggerExample" */ = {
			isa = XCConfigurationList;
			buildConfigurations = (
				18FE4D851F668AAB00ECAA1F /* Debug */,
				18FE4D861F668AAB00ECAA1F /* Release */,
			);
			defaultConfigurationIsVisible = 0;
			defaultConfigurationName = Release;
		};
		18FE4D871F668AAB00ECAA1F /* Build configuration list for PBXNativeTarget "TDFScreenDebuggerExample" */ = {
			isa = XCConfigurationList;
			buildConfigurations = (
				18FE4D881F668AAB00ECAA1F /* Debug */,
				18FE4D891F668AAB00ECAA1F /* Release */,
			);
			defaultConfigurationIsVisible = 0;
			defaultConfigurationName = Release;
		};
		18FE4D8A1F668AAB00ECAA1F /* Build configuration list for PBXNativeTarget "TDFScreenDebuggerExampleTests" */ = {
			isa = XCConfigurationList;
			buildConfigurations = (
				18FE4D8B1F668AAB00ECAA1F /* Debug */,
				18FE4D8C1F668AAB00ECAA1F /* Release */,
			);
			defaultConfigurationIsVisible = 0;
			defaultConfigurationName = Release;
		};
/* End XCConfigurationList section */
	};
	rootObject = 18FE4D5D1F668AAA00ECAA1F /* Project object */;
}
