PODS:
  - AFNetworking (3.1.0):
    - AFNetworking/NSURLSession (= 3.1.0)
    - AFNetworking/Reachability (= 3.1.0)
    - AFNetworking/Security (= 3.1.0)
    - AFNetworking/Serialization (= 3.1.0)
    - AFNetworking/UIKit (= 3.1.0)
  - AFNetworking/NSURLSession (3.1.0):
    - AFNetworking/Reachability
    - AFNetworking/Security
    - AFNetworking/Serialization
  - AFNetworking/Reachability (3.1.0)
  - AFNetworking/Security (3.1.0)
  - AFNetworking/Serialization (3.1.0)
  - AFNetworking/UIKit (3.1.0):
    - AFNetworking/NSURLSession
  - ICTextView (2.0.1)
  - Masonry (1.0.1)
  - ReactiveObjC (2.1.0)
  - TDFAPILogger (0.0.7):
    - AFNetworking

DEPENDENCIES:
  - ICTextView
  - Masonry
  - ReactiveObjC
  - TDFAPILogger

SPEC CHECKSUMS:
  AFNetworking: d7643de29022e05c0032aa4ce24e92f49554c892
  ICTextView: 6f53febd62a0ccf2858967a4a5599be4aaceb6b8
  Masonry: 81342e6d58b2bf760d2d29eca19b8691bd9f6290
  ReactiveObjC: 71e4c941756a17779b3580075c5b112d2bcbf550
  TDFAPILogger: 605819ea1e829ca511b1a41ff42452ddca6330e1

PODFILE CHECKSUM: 85891685ff6eb8e20c7c69addb7658783b2ea8a0

COCOAPODS: 1.4.0
