PODS:
  - AFNetworking (3.1.0.1):
    - AFNetworking/NSURLSession (= 3.1.0.1)
    - AFNetworking/Reachability (= 3.1.0.1)
    - AFNetworking/Security (= 3.1.0.1)
    - AFNetworking/Serialization (= 3.1.0.1)
    - AFNetworking/UIKit (= 3.1.0.1)
  - AFNetworking/NSURLSession (3.1.0.1):
    - AFNetworking/Reachability
    - AFNetworking/Security
    - AFNetworking/Serialization
  - AFNetworking/Reachability (3.1.0.1)
  - AFNetworking/Security (3.1.0.1)
  - AFNetworking/Serialization (3.1.0.1)
  - AFNetworking/UIKit (3.1.0.1):
    - AFNetworking/NSURLSession
  - ICTextView (2.0.1)
  - Masonry (1.0.1.1)
  - ReactiveObjC (2.1.0.4)
  - TDFAPILogger (0.0.7):
    - AFNetworking
  - TDFScreenDebugger (0.0.5):
    - ICTextView
    - Masonry
    - ReactiveObjC
    - TDFAPILogger

DEPENDENCIES:
  - TDFScreenDebugger (from `../`)

EXTERNAL SOURCES:
  TDFScreenDebugger:
    :path: ../

SPEC CHECKSUMS:
  AFNetworking: 032062ffb24bf902c3040070304569831ee6eeea
  ICTextView: 6f53febd62a0ccf2858967a4a5599be4aaceb6b8
  Masonry: 05666589d973e2a8624b5c6134b2e1015f3dfdac
  ReactiveObjC: 5b6952495a73242167f201ee017c335daa802574
  TDFAPILogger: 605819ea1e829ca511b1a41ff42452ddca6330e1
  TDFScreenDebugger: 068214c14f0ffdfd492443a7a02356100d999b08

PODFILE CHECKSUM: 94dfd2e1be500c3a739c7c2bf148f8de609c0a7a

COCOAPODS: 1.4.0
